{
  "name": "ungic-sass-props",
  "version": "1.0.1",
  "lockfileVersion": 3,
  "requires": true,
  "packages": {
    "": {
      "name": "ungic-sass-props",
      "version": "1.0.1",
      "license": "ISC",
      "devDependencies": {
        "ungic-sass-utils": "^1.1.2"
      }
    },
    "node_modules/ungic-sass-utils": {
      "version": "1.1.2",
      "resolved": "https://registry.npmjs.org/ungic-sass-utils/-/ungic-sass-utils-1.1.2.tgz",
      "integrity": "sha512-7lnpWnSezxOniYI+2vYAdbgKBYurzn6RnbGfMGpRSPfIVP/QfxKOj9IkxCt4wYR2e9vsIvj/qmLHcSTG4rAfAw==",
      "dev": true
    }
  }
}
